
Microsoft Visual Studio Solution File, Format Version 12.00
# Visual Studio Version 17
VisualStudioVersion = 17.12.35527.113
MinimumVisualStudioVersion = 10.0.40219.1
Project("{FAE04EC0-301F-11D3-BF4B-00C04F79EFBC}") = "StudentManagementSystem", "StudentManagementSystem\StudentManagementSystem.csproj", "{03CD5E86-2DAF-443A-B8BA-D6BB14B5F089}"
EndProject
Global
	GlobalSection(SolutionConfigurationPlatforms) = preSolution
		Debug|Any CPU = Debug|Any CPU
		Release|Any CPU = Release|Any CPU
	EndGlobalSection
	GlobalSection(ProjectConfigurationPlatforms) = postSolution
		{03CD5E86-2DAF-443A-B8BA-D6BB14B5F089}.Debug|Any CPU.ActiveCfg = Debug|Any CPU
		{03CD5E86-2DAF-443A-B8BA-D6BB14B5F089}.Debug|Any CPU.Build.0 = Debug|Any CPU
		{03CD5E86-2DAF-443A-B8BA-D6BB14B5F089}.Release|Any CPU.ActiveCfg = Release|Any CPU
		{03CD5E86-2DAF-443A-B8BA-D6BB14B5F089}.Release|Any CPU.Build.0 = Release|Any CPU
	EndGlobalSection
	GlobalSection(SolutionProperties) = preSolution
		HideSolutionNode = FALSE
	EndGlobalSection
	GlobalSection(ExtensibilityGlobals) = postSolution
		SolutionGuid = {F52906C2-2E0B-4925-9D68-10868DA2EF00}
	EndGlobalSection
EndGlobal
